
Microsoft Visual Studio Solution File, Format Version 12.00
# Visual Studio Version 17
VisualStudioVersion = 17.10.35122.118
MinimumVisualStudioVersion = 10.0.40219.1
Project("{FAE04EC0-301F-11D3-BF4B-00C04F79EFBC}") = "SignalRChatRoom", "SignalRChatRoom.csproj", "{B89529F0-48F0-4496-84CC-46AB28FD594A}"
EndProject
Global
	GlobalSection(SolutionConfigurationPlatforms) = preSolution
		Debug|Any CPU = Debug|Any CPU
		Release|Any CPU = Release|Any CPU
	EndGlobalSection
	GlobalSection(ProjectConfigurationPlatforms) = postSolution
		{B89529F0-48F0-4496-84CC-46AB28FD594A}.Debug|Any CPU.ActiveCfg = Debug|Any CPU
		{B89529F0-48F0-4496-84CC-46AB28FD594A}.Debug|Any CPU.Build.0 = Debug|Any CPU
		{B89529F0-48F0-4496-84CC-46AB28FD594A}.Release|Any CPU.ActiveCfg = Release|Any CPU
		{B89529F0-48F0-4496-84CC-46AB28FD594A}.Release|Any CPU.Build.0 = Release|Any CPU
	EndGlobalSection
	GlobalSection(SolutionProperties) = preSolution
		HideSolutionNode = FALSE
	EndGlobalSection
	GlobalSection(ExtensibilityGlobals) = postSolution
		SolutionGuid = {8931AD38-5087-4B24-A2FA-51733C8D910C}
	EndGlobalSection
EndGlobal
